
Microsoft Visual Studio Solution File, Format Version 12.00
# Visual Studio Version 16
VisualStudioVersion = 16.0.31205.134
MinimumVisualStudioVersion = 10.0.40219.1
Project("{FAE04EC0-301F-11D3-BF4B-00C04F79EFBC}") = "TI_3", "TI_3.csproj", "{6E52A2F7-510C-46D0-9BDF-EDD15C23ED2F}"
EndProject
Global
	GlobalSection(SolutionConfigurationPlatforms) = preSolution
		Debug|Any CPU = Debug|Any CPU
		Release|Any CPU = Release|Any CPU
	EndGlobalSection
	GlobalSection(ProjectConfigurationPlatforms) = postSolution
		{6E52A2F7-510C-46D0-9BDF-EDD15C23ED2F}.Debug|Any CPU.ActiveCfg = Debug|Any CPU
		{6E52A2F7-510C-46D0-9BDF-EDD15C23ED2F}.Debug|Any CPU.Build.0 = Debug|Any CPU
		{6E52A2F7-510C-46D0-9BDF-EDD15C23ED2F}.Release|Any CPU.ActiveCfg = Release|Any CPU
		{6E52A2F7-510C-46D0-9BDF-EDD15C23ED2F}.Release|Any CPU.Build.0 = Release|Any CPU
	EndGlobalSection
	GlobalSection(SolutionProperties) = preSolution
		HideSolutionNode = FALSE
	EndGlobalSection
	GlobalSection(ExtensibilityGlobals) = postSolution
		SolutionGuid = {0BC78694-42B6-4838-A96C-EBE2C9DFA763}
	EndGlobalSection
EndGlobal
